
Microsoft Visual Studio Solution File, Format Version 12.00
# Visual Studio Version 17
VisualStudioVersion = 17.4.33205.214
MinimumVisualStudioVersion = 10.0.40219.1
Project("{FAE04EC0-301F-11D3-BF4B-00C04F79EFBC}") = "SimpleEmailApp_Attachments", "SimpleEmailApp_Attachments.csproj", "{765359AF-4B3E-417A-9729-91BA9A82D0EF}"
EndProject
Global
	GlobalSection(SolutionConfigurationPlatforms) = preSolution
		Debug|Any CPU = Debug|Any CPU
		Release|Any CPU = Release|Any CPU
	EndGlobalSection
	GlobalSection(ProjectConfigurationPlatforms) = postSolution
		{765359AF-4B3E-417A-9729-91BA9A82D0EF}.Debug|Any CPU.ActiveCfg = Debug|Any CPU
		{765359AF-4B3E-417A-9729-91BA9A82D0EF}.Debug|Any CPU.Build.0 = Debug|Any CPU
		{765359AF-4B3E-417A-9729-91BA9A82D0EF}.Release|Any CPU.ActiveCfg = Release|Any CPU
		{765359AF-4B3E-417A-9729-91BA9A82D0EF}.Release|Any CPU.Build.0 = Release|Any CPU
	EndGlobalSection
	GlobalSection(SolutionProperties) = preSolution
		HideSolutionNode = FALSE
	EndGlobalSection
	GlobalSection(ExtensibilityGlobals) = postSolution
		SolutionGuid = {19FC809D-90F7-492C-9F96-D77C8F1DA932}
	EndGlobalSection
EndGlobal
